
Microsoft Visual Studio Solution File, Format Version 12.00
# Visual Studio Version 17
VisualStudioVersion = 17.5.33424.131
MinimumVisualStudioVersion = 10.0.40219.1
Project("{54A90642-561A-4BB1-A94E-469ADEE60C69}") = "reactapp", "reactapp\reactapp.esproj", "{B05DC16A-531E-4C07-B86B-3817DC4E4523}"
EndProject
Project("{9A19103F-16F7-4668-BE54-9A1E7A4F7556}") = "webapi", "webapi\webapi.csproj", "{587072B9-572C-44BF-ADDB-52B47C9AE2BF}"
EndProject
Global
	GlobalSection(SolutionConfigurationPlatforms) = preSolution
		Debug|Any CPU = Debug|Any CPU
		Release|Any CPU = Release|Any CPU
	EndGlobalSection
	GlobalSection(ProjectConfigurationPlatforms) = postSolution
		{B05DC16A-531E-4C07-B86B-3817DC4E4523}.Debug|Any CPU.ActiveCfg = Debug|Any CPU
		{B05DC16A-531E-4C07-B86B-3817DC4E4523}.Debug|Any CPU.Build.0 = Debug|Any CPU
		{B05DC16A-531E-4C07-B86B-3817DC4E4523}.Debug|Any CPU.Deploy.0 = Debug|Any CPU
		{B05DC16A-531E-4C07-B86B-3817DC4E4523}.Release|Any CPU.ActiveCfg = Release|Any CPU
		{B05DC16A-531E-4C07-B86B-3817DC4E4523}.Release|Any CPU.Build.0 = Release|Any CPU
		{B05DC16A-531E-4C07-B86B-3817DC4E4523}.Release|Any CPU.Deploy.0 = Release|Any CPU
		{587072B9-572C-44BF-ADDB-52B47C9AE2BF}.Debug|Any CPU.ActiveCfg = Debug|Any CPU
		{587072B9-572C-44BF-ADDB-52B47C9AE2BF}.Debug|Any CPU.Build.0 = Debug|Any CPU
		{587072B9-572C-44BF-ADDB-52B47C9AE2BF}.Release|Any CPU.ActiveCfg = Release|Any CPU
		{587072B9-572C-44BF-ADDB-52B47C9AE2BF}.Release|Any CPU.Build.0 = Release|Any CPU
	EndGlobalSection
	GlobalSection(SolutionProperties) = preSolution
		HideSolutionNode = FALSE
	EndGlobalSection
	GlobalSection(ExtensibilityGlobals) = postSolution
		SolutionGuid = {D9FD0F2D-64A2-44EA-B9B9-218BC93FBF15}
	EndGlobalSection
EndGlobal
